
Microsoft Visual Studio Solution File, Format Version 12.00
# Visual Studio 2013
VisualStudioVersion = 12.0.31101.0
MinimumVisualStudioVersion = 10.0.40219.1
Project("{FAE04EC0-301F-11D3-BF4B-00C04F79EFBC}") = "CatalogManager.Infrastructure", "CatalogManager.Infrastructure\CatalogManager.Infrastructure.csproj", "{ABE640CC-C9B9-4C79-9DD8-A3CE7FAD811B}"
EndProject
Project("{FAE04EC0-301F-11D3-BF4B-00C04F79EFBC}") = "CatalogManager.Domain", "CatalogManager.Domain\CatalogManager.Domain.csproj", "{1416636C-C026-4378-A20E-CA1FD6EA47F8}"
EndProject
Project("{FAE04EC0-301F-11D3-BF4B-00C04F79EFBC}") = "CatalogManager.AppService", "CatalogManager.AppService\CatalogManager.AppService.csproj", "{2D201CB8-7703-46D0-A840-31761BD84141}"
EndProject
Project("{FAE04EC0-301F-11D3-BF4B-00C04F79EFBC}") = "CatalogManager.Test", "CatalogManager.Test\CatalogManager.Test.csproj", "{6B736F78-FC48-4C12-B2E1-995F7DA567A2}"
EndProject
Project("{FAE04EC0-301F-11D3-BF4B-00C04F79EFBC}") = "CatalogManager.DistributedService", "CatalogManager.DistributedService\CatalogManager.DistributedService.csproj", "{E65B06C7-88E6-4BB5-915C-877CE1AB8D4B}"
EndProject
Global
	GlobalSection(SolutionConfigurationPlatforms) = preSolution
		Debug|Any CPU = Debug|Any CPU
		Release|Any CPU = Release|Any CPU
	EndGlobalSection
	GlobalSection(ProjectConfigurationPlatforms) = postSolution
		{ABE640CC-C9B9-4C79-9DD8-A3CE7FAD811B}.Debug|Any CPU.ActiveCfg = Debug|Any CPU
		{ABE640CC-C9B9-4C79-9DD8-A3CE7FAD811B}.Debug|Any CPU.Build.0 = Debug|Any CPU
		{ABE640CC-C9B9-4C79-9DD8-A3CE7FAD811B}.Release|Any CPU.ActiveCfg = Release|Any CPU
		{ABE640CC-C9B9-4C79-9DD8-A3CE7FAD811B}.Release|Any CPU.Build.0 = Release|Any CPU
		{1416636C-C026-4378-A20E-CA1FD6EA47F8}.Debug|Any CPU.ActiveCfg = Debug|Any CPU
		{1416636C-C026-4378-A20E-CA1FD6EA47F8}.Debug|Any CPU.Build.0 = Debug|Any CPU
		{1416636C-C026-4378-A20E-CA1FD6EA47F8}.Release|Any CPU.ActiveCfg = Release|Any CPU
		{1416636C-C026-4378-A20E-CA1FD6EA47F8}.Release|Any CPU.Build.0 = Release|Any CPU
		{2D201CB8-7703-46D0-A840-31761BD84141}.Debug|Any CPU.ActiveCfg = Debug|Any CPU
		{2D201CB8-7703-46D0-A840-31761BD84141}.Debug|Any CPU.Build.0 = Debug|Any CPU
		{2D201CB8-7703-46D0-A840-31761BD84141}.Release|Any CPU.ActiveCfg = Release|Any CPU
		{2D201CB8-7703-46D0-A840-31761BD84141}.Release|Any CPU.Build.0 = Release|Any CPU
		{6B736F78-FC48-4C12-B2E1-995F7DA567A2}.Debug|Any CPU.ActiveCfg = Debug|Any CPU
		{6B736F78-FC48-4C12-B2E1-995F7DA567A2}.Debug|Any CPU.Build.0 = Debug|Any CPU
		{6B736F78-FC48-4C12-B2E1-995F7DA567A2}.Release|Any CPU.ActiveCfg = Release|Any CPU
		{6B736F78-FC48-4C12-B2E1-995F7DA567A2}.Release|Any CPU.Build.0 = Release|Any CPU
		{E65B06C7-88E6-4BB5-915C-877CE1AB8D4B}.Debug|Any CPU.ActiveCfg = Debug|Any CPU
		{E65B06C7-88E6-4BB5-915C-877CE1AB8D4B}.Debug|Any CPU.Build.0 = Debug|Any CPU
		{E65B06C7-88E6-4BB5-915C-877CE1AB8D4B}.Release|Any CPU.ActiveCfg = Release|Any CPU
		{E65B06C7-88E6-4BB5-915C-877CE1AB8D4B}.Release|Any CPU.Build.0 = Release|Any CPU
	EndGlobalSection
	GlobalSection(SolutionProperties) = preSolution
		HideSolutionNode = FALSE
	EndGlobalSection
EndGlobal
